
Microsoft Visual Studio Solution File, Format Version 12.00
# Visual Studio Version 16
VisualStudioVersion = 16.0.32228.343
MinimumVisualStudioVersion = 10.0.40219.1
Project("{FAE04EC0-301F-11D3-BF4B-00C04F79EFBC}") = "ListView", "ListView\ListView.csproj", "{BCECDE45-81A5-4D7A-8511-E1A7F9E4440E}"
EndProject
Global
	GlobalSection(SolutionConfigurationPlatforms) = preSolution
		Debug|Any CPU = Debug|Any CPU
		Release|Any CPU = Release|Any CPU
	EndGlobalSection
	GlobalSection(ProjectConfigurationPlatforms) = postSolution
		{BCECDE45-81A5-4D7A-8511-E1A7F9E4440E}.Debug|Any CPU.ActiveCfg = Debug|Any CPU
		{BCECDE45-81A5-4D7A-8511-E1A7F9E4440E}.Debug|Any CPU.Build.0 = Debug|Any CPU
		{BCECDE45-81A5-4D7A-8511-E1A7F9E4440E}.Release|Any CPU.ActiveCfg = Release|Any CPU
		{BCECDE45-81A5-4D7A-8511-E1A7F9E4440E}.Release|Any CPU.Build.0 = Release|Any CPU
	EndGlobalSection
	GlobalSection(SolutionProperties) = preSolution
		HideSolutionNode = FALSE
	EndGlobalSection
	GlobalSection(ExtensibilityGlobals) = postSolution
		SolutionGuid = {2893077C-FD85-4FA2-88E7-ABB37CE8B97E}
	EndGlobalSection
EndGlobal
